
Microsoft Visual Studio Solution File, Format Version 12.00
# Visual Studio Version 16
VisualStudioVersion = 16.0.30225.117
MinimumVisualStudioVersion = 10.0.40219.1
Project("{9A19103F-16F7-4668-BE54-9A1E7A4F7556}") = "LoggerConsole", "LoggerConsole\LoggerConsole.csproj", "{798E4C85-2BA1-4BEF-B879-B5323ADC1A79}"
EndProject
Project("{9A19103F-16F7-4668-BE54-9A1E7A4F7556}") = "LoggerConsole.Serilog", "LoggerConsole.Serilog\LoggerConsole.Serilog.csproj", "{49215F09-30D5-4824-8878-2755862BC3AE}"
EndProject
Project("{9A19103F-16F7-4668-BE54-9A1E7A4F7556}") = "LoggerAspNetCore", "LoggerAspNetCore\LoggerAspNetCore.csproj", "{22BCF2F4-2113-4324-AD48-BFB05506CBAE}"
EndProject
Project("{9A19103F-16F7-4668-BE54-9A1E7A4F7556}") = "DotnetSamples.Apikey", "DotnetSamples.Apikey\DotnetSamples.Apikey.csproj", "{FE60ECD2-78AA-4F90-B0EB-F4399713BC37}"
EndProject
Project("{9A19103F-16F7-4668-BE54-9A1E7A4F7556}") = "CustomLoggerSample", "CustomLoggerSample\CustomLoggerSample.csproj", "{BB84A3C6-7EDB-4373-BE52-54BD882C2D44}"
EndProject
Project("{9A19103F-16F7-4668-BE54-9A1E7A4F7556}") = "CustomLoggerSample.ConsoleApp", "CustomLoggerSample.ConsoleApp\CustomLoggerSample.ConsoleApp.csproj", "{7F378EF1-99D2-42DA-A671-056DB7117644}"
EndProject
Project("{9A19103F-16F7-4668-BE54-9A1E7A4F7556}") = "CustomLoggerSample.Test", "CustomLoggerSample.Test\CustomLoggerSample.Test.csproj", "{5525C3CD-5E14-4F86-9C29-EC36ACBDDF9F}"
EndProject
Project("{2150E333-8FDC-42A3-9474-1A3956D46DE8}") = "CustomLogger1", "CustomLogger1", "{A078C3C7-C952-4FAF-A7D6-D9E21EB766A8}"
EndProject
Project("{2150E333-8FDC-42A3-9474-1A3956D46DE8}") = "CustomLogger2", "CustomLogger2", "{E05B576C-A1C2-4068-8F32-CBE207E5D346}"
EndProject
Project("{9A19103F-16F7-4668-BE54-9A1E7A4F7556}") = "CustomLoggerSample2", "CustomLoggerSample2\CustomLoggerSample2.csproj", "{154C6B94-160B-4A6B-94C7-A2EC174A3488}"
EndProject
Project("{9A19103F-16F7-4668-BE54-9A1E7A4F7556}") = "CustomLoggerSample2.ConsoleApp", "CustomLoggerSample2.ConsoleApp\CustomLoggerSample2.ConsoleApp.csproj", "{DA8F73C9-F4A0-4675-A16D-8342BA2A34D5}"
EndProject
Project("{2150E333-8FDC-42A3-9474-1A3956D46DE8}") = "Tools", "Tools", "{8F435BF1-98DC-458D-B542-983105C437A3}"
EndProject
Project("{FAE04EC0-301F-11D3-BF4B-00C04F79EFBC}") = "Tools.Configuration", "Tools.Configuration\Tools.Configuration.csproj", "{68259C28-1D0D-4C9B-B341-6C669EC7FF25}"
EndProject
Global
	GlobalSection(SolutionConfigurationPlatforms) = preSolution
		Debug|Any CPU = Debug|Any CPU
		Release|Any CPU = Release|Any CPU
	EndGlobalSection
	GlobalSection(ProjectConfigurationPlatforms) = postSolution
		{798E4C85-2BA1-4BEF-B879-B5323ADC1A79}.Debug|Any CPU.ActiveCfg = Debug|Any CPU
		{798E4C85-2BA1-4BEF-B879-B5323ADC1A79}.Debug|Any CPU.Build.0 = Debug|Any CPU
		{798E4C85-2BA1-4BEF-B879-B5323ADC1A79}.Release|Any CPU.ActiveCfg = Release|Any CPU
		{798E4C85-2BA1-4BEF-B879-B5323ADC1A79}.Release|Any CPU.Build.0 = Release|Any CPU
		{49215F09-30D5-4824-8878-2755862BC3AE}.Debug|Any CPU.ActiveCfg = Debug|Any CPU
		{49215F09-30D5-4824-8878-2755862BC3AE}.Debug|Any CPU.Build.0 = Debug|Any CPU
		{49215F09-30D5-4824-8878-2755862BC3AE}.Release|Any CPU.ActiveCfg = Release|Any CPU
		{49215F09-30D5-4824-8878-2755862BC3AE}.Release|Any CPU.Build.0 = Release|Any CPU
		{22BCF2F4-2113-4324-AD48-BFB05506CBAE}.Debug|Any CPU.ActiveCfg = Debug|Any CPU
		{22BCF2F4-2113-4324-AD48-BFB05506CBAE}.Debug|Any CPU.Build.0 = Debug|Any CPU
		{22BCF2F4-2113-4324-AD48-BFB05506CBAE}.Release|Any CPU.ActiveCfg = Release|Any CPU
		{22BCF2F4-2113-4324-AD48-BFB05506CBAE}.Release|Any CPU.Build.0 = Release|Any CPU
		{FE60ECD2-78AA-4F90-B0EB-F4399713BC37}.Debug|Any CPU.ActiveCfg = Debug|Any CPU
		{FE60ECD2-78AA-4F90-B0EB-F4399713BC37}.Debug|Any CPU.Build.0 = Debug|Any CPU
		{FE60ECD2-78AA-4F90-B0EB-F4399713BC37}.Release|Any CPU.ActiveCfg = Release|Any CPU
		{FE60ECD2-78AA-4F90-B0EB-F4399713BC37}.Release|Any CPU.Build.0 = Release|Any CPU
		{BB84A3C6-7EDB-4373-BE52-54BD882C2D44}.Debug|Any CPU.ActiveCfg = Debug|Any CPU
		{BB84A3C6-7EDB-4373-BE52-54BD882C2D44}.Debug|Any CPU.Build.0 = Debug|Any CPU
		{BB84A3C6-7EDB-4373-BE52-54BD882C2D44}.Release|Any CPU.ActiveCfg = Release|Any CPU
		{BB84A3C6-7EDB-4373-BE52-54BD882C2D44}.Release|Any CPU.Build.0 = Release|Any CPU
		{7F378EF1-99D2-42DA-A671-056DB7117644}.Debug|Any CPU.ActiveCfg = Debug|Any CPU
		{7F378EF1-99D2-42DA-A671-056DB7117644}.Debug|Any CPU.Build.0 = Debug|Any CPU
		{7F378EF1-99D2-42DA-A671-056DB7117644}.Release|Any CPU.ActiveCfg = Release|Any CPU
		{7F378EF1-99D2-42DA-A671-056DB7117644}.Release|Any CPU.Build.0 = Release|Any CPU
		{5525C3CD-5E14-4F86-9C29-EC36ACBDDF9F}.Debug|Any CPU.ActiveCfg = Debug|Any CPU
		{5525C3CD-5E14-4F86-9C29-EC36ACBDDF9F}.Debug|Any CPU.Build.0 = Debug|Any CPU
		{5525C3CD-5E14-4F86-9C29-EC36ACBDDF9F}.Release|Any CPU.ActiveCfg = Release|Any CPU
		{5525C3CD-5E14-4F86-9C29-EC36ACBDDF9F}.Release|Any CPU.Build.0 = Release|Any CPU
		{154C6B94-160B-4A6B-94C7-A2EC174A3488}.Debug|Any CPU.ActiveCfg = Debug|Any CPU
		{154C6B94-160B-4A6B-94C7-A2EC174A3488}.Debug|Any CPU.Build.0 = Debug|Any CPU
		{154C6B94-160B-4A6B-94C7-A2EC174A3488}.Release|Any CPU.ActiveCfg = Release|Any CPU
		{154C6B94-160B-4A6B-94C7-A2EC174A3488}.Release|Any CPU.Build.0 = Release|Any CPU
		{DA8F73C9-F4A0-4675-A16D-8342BA2A34D5}.Debug|Any CPU.ActiveCfg = Debug|Any CPU
		{DA8F73C9-F4A0-4675-A16D-8342BA2A34D5}.Debug|Any CPU.Build.0 = Debug|Any CPU
		{DA8F73C9-F4A0-4675-A16D-8342BA2A34D5}.Release|Any CPU.ActiveCfg = Release|Any CPU
		{DA8F73C9-F4A0-4675-A16D-8342BA2A34D5}.Release|Any CPU.Build.0 = Release|Any CPU
		{68259C28-1D0D-4C9B-B341-6C669EC7FF25}.Debug|Any CPU.ActiveCfg = Debug|Any CPU
		{68259C28-1D0D-4C9B-B341-6C669EC7FF25}.Debug|Any CPU.Build.0 = Debug|Any CPU
		{68259C28-1D0D-4C9B-B341-6C669EC7FF25}.Release|Any CPU.ActiveCfg = Release|Any CPU
		{68259C28-1D0D-4C9B-B341-6C669EC7FF25}.Release|Any CPU.Build.0 = Release|Any CPU
	EndGlobalSection
	GlobalSection(SolutionProperties) = preSolution
		HideSolutionNode = FALSE
	EndGlobalSection
	GlobalSection(NestedProjects) = preSolution
		{BB84A3C6-7EDB-4373-BE52-54BD882C2D44} = {A078C3C7-C952-4FAF-A7D6-D9E21EB766A8}
		{7F378EF1-99D2-42DA-A671-056DB7117644} = {A078C3C7-C952-4FAF-A7D6-D9E21EB766A8}
		{5525C3CD-5E14-4F86-9C29-EC36ACBDDF9F} = {A078C3C7-C952-4FAF-A7D6-D9E21EB766A8}
		{154C6B94-160B-4A6B-94C7-A2EC174A3488} = {E05B576C-A1C2-4068-8F32-CBE207E5D346}
		{DA8F73C9-F4A0-4675-A16D-8342BA2A34D5} = {E05B576C-A1C2-4068-8F32-CBE207E5D346}
		{68259C28-1D0D-4C9B-B341-6C669EC7FF25} = {8F435BF1-98DC-458D-B542-983105C437A3}
	EndGlobalSection
	GlobalSection(ExtensibilityGlobals) = postSolution
		SolutionGuid = {474906FF-BB09-425E-A656-2ED14FE1CBB5}
	EndGlobalSection
EndGlobal
